// !$*UTF8*$!
{
	archiveVersion = 1;
	classes = {
	};
	objectVersion = 46;
	objects = {

/* Begin PBXBuildFile section */
		A2CA2FE1189773BA00E92C16 /* Foundation.framework in Frameworks */ = {isa = PBXBuildFile; fileRef = A2CA2FE0189773BA00E92C16 /* Foundation.framework */; };
		A2CA2FE3189773BA00E92C16 /* CoreGraphics.framework in Frameworks */ = {isa = PBXBuildFile; fileRef = A2CA2FE2189773BA00E92C16 /* CoreGraphics.framework */; };
		A2CA2FE5189773BA00E92C16 /* UIKit.framework in Frameworks */ = {isa = PBXBuildFile; fileRef = A2CA2FE4189773BA00E92C16 /* UIKit.framework */; };
		A2CA2FEB189773BA00E92C16 /* InfoPlist.strings in Resources */ = {isa = PBXBuildFile; fileRef = A2CA2FE9189773BA00E92C16 /* InfoPlist.strings */; };
		A2CA2FED189773BA00E92C16 /* main.m in Sources */ = {isa = PBXBuildFile; fileRef = A2CA2FEC189773BA00E92C16 /* main.m */; };
		A2CA2FF1189773BA00E92C16 /* AppDelegate.m in Sources */ = {isa = PBXBuildFile; fileRef = A2CA2FF0189773BA00E92C16 /* AppDelegate.m */; };
		A2CA2FF4189773BA00E92C16 /* Main_iPhone.storyboard in Resources */ = {isa = PBXBuildFile; fileRef = A2CA2FF2189773BA00E92C16 /* Main_iPhone.storyboard */; };
		A2CA2FF7189773BA00E92C16 /* Main_iPad.storyboard in Resources */ = {isa = PBXBuildFile; fileRef = A2CA2FF5189773BA00E92C16 /* Main_iPad.storyboard */; };
		A2CA2FFA189773BA00E92C16 /* ViewController.m in Sources */ = {isa = PBXBuildFile; fileRef = A2CA2FF9189773BA00E92C16 /* ViewController.m */; };
		A2CA2FFC189773BB00E92C16 /* Images.xcassets in Resources */ = {isa = PBXBuildFile; fileRef = A2CA2FFB189773BB00E92C16 /* Images.xcassets */; };
		A2CA3003189773BB00E92C16 /* XCTest.framework in Frameworks */ = {isa = PBXBuildFile; fileRef = A2CA3002189773BB00E92C16 /* XCTest.framework */; };
		A2CA3004189773BB00E92C16 /* Foundation.framework in Frameworks */ = {isa = PBXBuildFile; fileRef = A2CA2FE0189773BA00E92C16 /* Foundation.framework */; };
		A2CA3005189773BB00E92C16 /* UIKit.framework in Frameworks */ = {isa = PBXBuildFile; fileRef = A2CA2FE4189773BA00E92C16 /* UIKit.framework */; };
		A2CA300D189773BB00E92C16 /* InfoPlist.strings in Resources */ = {isa = PBXBuildFile; fileRef = A2CA300B189773BB00E92C16 /* InfoPlist.strings */; };
		A2CA300F189773BB00E92C16 /* coltestTests.m in Sources */ = {isa = PBXBuildFile; fileRef = A2CA300E189773BB00E92C16 /* coltestTests.m */; };
		A2CA301A189777E800E92C16 /* CollectionViewCell.m in Sources */ = {isa = PBXBuildFile; fileRef = A2CA3019189777E800E92C16 /* CollectionViewCell.m */; };
		A2CA301D18977C2600E92C16 /* GitUser.m in Sources */ = {isa = PBXBuildFile; fileRef = A2CA301C18977C2600E92C16 /* GitUser.m */; };
/* End PBXBuildFile section */

/* Begin PBXContainerItemProxy section */
		A2CA3006189773BB00E92C16 /* PBXContainerItemProxy */ = {
			isa = PBXContainerItemProxy;
			containerPortal = A2CA2FD5189773BA00E92C16 /* Project object */;
			proxyType = 1;
			remoteGlobalIDString = A2CA2FDC189773BA00E92C16;
			remoteInfo = coltest;
		};
/* End PBXContainerItemProxy section */

/* Begin PBXFileReference section */
		A2CA2FDD189773BA00E92C16 /* coltest.app */ = {isa = PBXFileReference; explicitFileType = wrapper.application; includeInIndex = 0; path = coltest.app; sourceTree = BUILT_PRODUCTS_DIR; };
		A2CA2FE0189773BA00E92C16 /* Foundation.framework */ = {isa = PBXFileReference; lastKnownFileType = wrapper.framework; name = Foundation.framework; path = System/Library/Frameworks/Foundation.framework; sourceTree = SDKROOT; };
		A2CA2FE2189773BA00E92C16 /* CoreGraphics.framework */ = {isa = PBXFileReference; lastKnownFileType = wrapper.framework; name = CoreGraphics.framework; path = System/Library/Frameworks/CoreGraphics.framework; sourceTree = SDKROOT; };
		A2CA2FE4189773BA00E92C16 /* UIKit.framework */ = {isa = PBXFileReference; lastKnownFileType = wrapper.framework; name = UIKit.framework; path = System/Library/Frameworks/UIKit.framework; sourceTree = SDKROOT; };
		A2CA2FE8189773BA00E92C16 /* coltest-Info.plist */ = {isa = PBXFileReference; lastKnownFileType = text.plist.xml; path = "coltest-Info.plist"; sourceTree = "<group>"; };
		A2CA2FEA189773BA00E92C16 /* en */ = {isa = PBXFileReference; lastKnownFileType = text.plist.strings; name = en; path = en.lproj/InfoPlist.strings; sourceTree = "<group>"; };
		A2CA2FEC189773BA00E92C16 /* main.m */ = {isa = PBXFileReference; lastKnownFileType = sourcecode.c.objc; path = main.m; sourceTree = "<group>"; };
		A2CA2FEE189773BA00E92C16 /* coltest-Prefix.pch */ = {isa = PBXFileReference; lastKnownFileType = sourcecode.c.h; path = "coltest-Prefix.pch"; sourceTree = "<group>"; };
		A2CA2FEF189773BA00E92C16 /* AppDelegate.h */ = {isa = PBXFileReference; lastKnownFileType = sourcecode.c.h; path = AppDelegate.h; sourceTree = "<group>"; };
		A2CA2FF0189773BA00E92C16 /* AppDelegate.m */ = {isa = PBXFileReference; lastKnownFileType = sourcecode.c.objc; path = AppDelegate.m; sourceTree = "<group>"; };
		A2CA2FF3189773BA00E92C16 /* Base */ = {isa = PBXFileReference; lastKnownFileType = file.storyboard; name = Base; path = Base.lproj/Main_iPhone.storyboard; sourceTree = "<group>"; };
		A2CA2FF6189773BA00E92C16 /* Base */ = {isa = PBXFileReference; lastKnownFileType = file.storyboard; name = Base; path = Base.lproj/Main_iPad.storyboard; sourceTree = "<group>"; };
		A2CA2FF8189773BA00E92C16 /* ViewController.h */ = {isa = PBXFileReference; lastKnownFileType = sourcecode.c.h; path = ViewController.h; sourceTree = "<group>"; };
		A2CA2FF9189773BA00E92C16 /* ViewController.m */ = {isa = PBXFileReference; lastKnownFileType = sourcecode.c.objc; path = ViewController.m; sourceTree = "<group>"; };
		A2CA2FFB189773BB00E92C16 /* Images.xcassets */ = {isa = PBXFileReference; lastKnownFileType = folder.assetcatalog; path = Images.xcassets; sourceTree = "<group>"; };
		A2CA3001189773BB00E92C16 /* coltestTests.xctest */ = {isa = PBXFileReference; explicitFileType = wrapper.cfbundle; includeInIndex = 0; path = coltestTests.xctest; sourceTree = BUILT_PRODUCTS_DIR; };
		A2CA3002189773BB00E92C16 /* XCTest.framework */ = {isa = PBXFileReference; lastKnownFileType = wrapper.framework; name = XCTest.framework; path = Library/Frameworks/XCTest.framework; sourceTree = DEVELOPER_DIR; };
		A2CA300A189773BB00E92C16 /* coltestTests-Info.plist */ = {isa = PBXFileReference; lastKnownFileType = text.plist.xml; path = "coltestTests-Info.plist"; sourceTree = "<group>"; };
		A2CA300C189773BB00E92C16 /* en */ = {isa = PBXFileReference; lastKnownFileType = text.plist.strings; name = en; path = en.lproj/InfoPlist.strings; sourceTree = "<group>"; };
		A2CA300E189773BB00E92C16 /* coltestTests.m */ = {isa = PBXFileReference; lastKnownFileType = sourcecode.c.objc; path = coltestTests.m; sourceTree = "<group>"; };
		A2CA3018189777E800E92C16 /* CollectionViewCell.h */ = {isa = PBXFileReference; fileEncoding = 4; lastKnownFileType = sourcecode.c.h; path = CollectionViewCell.h; sourceTree = "<group>"; };
		A2CA3019189777E800E92C16 /* CollectionViewCell.m */ = {isa = PBXFileReference; fileEncoding = 4; lastKnownFileType = sourcecode.c.objc; path = CollectionViewCell.m; sourceTree = "<group>"; };
		A2CA301B18977C2600E92C16 /* GitUser.h */ = {isa = PBXFileReference; fileEncoding = 4; lastKnownFileType = sourcecode.c.h; path = GitUser.h; sourceTree = "<group>"; };
		A2CA301C18977C2600E92C16 /* GitUser.m */ = {isa = PBXFileReference; fileEncoding = 4; lastKnownFileType = sourcecode.c.objc; path = GitUser.m; sourceTree = "<group>"; };
/* End PBXFileReference section */

/* Begin PBXFrameworksBuildPhase section */
		A2CA2FDA189773BA00E92C16 /* Frameworks */ = {
			isa = PBXFrameworksBuildPhase;
			buildActionMask = 2147483647;
			files = (
				A2CA2FE3189773BA00E92C16 /* CoreGraphics.framework in Frameworks */,
				A2CA2FE5189773BA00E92C16 /* UIKit.framework in Frameworks */,
				A2CA2FE1189773BA00E92C16 /* Foundation.framework in Frameworks */,
			);
			runOnlyForDeploymentPostprocessing = 0;
		};
		A2CA2FFE189773BB00E92C16 /* Frameworks */ = {
			isa = PBXFrameworksBuildPhase;
			buildActionMask = 2147483647;
			files = (
				A2CA3003189773BB00E92C16 /* XCTest.framework in Frameworks */,
				A2CA3005189773BB00E92C16 /* UIKit.framework in Frameworks */,
				A2CA3004189773BB00E92C16 /* Foundation.framework in Frameworks */,
			);
			runOnlyForDeploymentPostprocessing = 0;
		};
/* End PBXFrameworksBuildPhase section */

/* Begin PBXGroup section */
		A2CA2FD4189773BA00E92C16 = {
			isa = PBXGroup;
			children = (
				A2CA2FE6189773BA00E92C16 /* coltest */,
				A2CA3008189773BB00E92C16 /* coltestTests */,
				A2CA2FDF189773BA00E92C16 /* Frameworks */,
				A2CA2FDE189773BA00E92C16 /* Products */,
			);
			sourceTree = "<group>";
		};
		A2CA2FDE189773BA00E92C16 /* Products */ = {
			isa = PBXGroup;
			children = (
				A2CA2FDD189773BA00E92C16 /* coltest.app */,
				A2CA3001189773BB00E92C16 /* coltestTests.xctest */,
			);
			name = Products;
			sourceTree = "<group>";
		};
		A2CA2FDF189773BA00E92C16 /* Frameworks */ = {
			isa = PBXGroup;
			children = (
				A2CA2FE0189773BA00E92C16 /* Foundation.framework */,
				A2CA2FE2189773BA00E92C16 /* CoreGraphics.framework */,
				A2CA2FE4189773BA00E92C16 /* UIKit.framework */,
				A2CA3002189773BB00E92C16 /* XCTest.framework */,
			);
			name = Frameworks;
			sourceTree = "<group>";
		};
		A2CA2FE6189773BA00E92C16 /* coltest */ = {
			isa = PBXGroup;
			children = (
				A2CA2FEF189773BA00E92C16 /* AppDelegate.h */,
				A2CA2FF0189773BA00E92C16 /* AppDelegate.m */,
				A2CA2FF2189773BA00E92C16 /* Main_iPhone.storyboard */,
				A2CA2FF5189773BA00E92C16 /* Main_iPad.storyboard */,
				A2CA2FF8189773BA00E92C16 /* ViewController.h */,
				A2CA2FF9189773BA00E92C16 /* ViewController.m */,
				A2CA301B18977C2600E92C16 /* GitUser.h */,
				A2CA301C18977C2600E92C16 /* GitUser.m */,
				A2CA3018189777E800E92C16 /* CollectionViewCell.h */,
				A2CA3019189777E800E92C16 /* CollectionViewCell.m */,
				A2CA2FFB189773BB00E92C16 /* Images.xcassets */,
				A2CA2FE7189773BA00E92C16 /* Supporting Files */,
			);
			path = coltest;
			sourceTree = "<group>";
		};
		A2CA2FE7189773BA00E92C16 /* Supporting Files */ = {
			isa = PBXGroup;
			children = (
				A2CA2FE8189773BA00E92C16 /* coltest-Info.plist */,
				A2CA2FE9189773BA00E92C16 /* InfoPlist.strings */,
				A2CA2FEC189773BA00E92C16 /* main.m */,
				A2CA2FEE189773BA00E92C16 /* coltest-Prefix.pch */,
			);
			name = "Supporting Files";
			sourceTree = "<group>";
		};
		A2CA3008189773BB00E92C16 /* coltestTests */ = {
			isa = PBXGroup;
			children = (
				A2CA300E189773BB00E92C16 /* coltestTests.m */,
				A2CA3009189773BB00E92C16 /* Supporting Files */,
			);
			path = coltestTests;
			sourceTree = "<group>";
		};
		A2CA3009189773BB00E92C16 /* Supporting Files */ = {
			isa = PBXGroup;
			children = (
				A2CA300A189773BB00E92C16 /* coltestTests-Info.plist */,
				A2CA300B189773BB00E92C16 /* InfoPlist.strings */,
			);
			name = "Supporting Files";
			sourceTree = "<group>";
		};
/* End PBXGroup section */

/* Begin PBXNativeTarget section */
		A2CA2FDC189773BA00E92C16 /* coltest */ = {
			isa = PBXNativeTarget;
			buildConfigurationList = A2CA3012189773BB00E92C16 /* Build configuration list for PBXNativeTarget "coltest" */;
			buildPhases = (
				A2CA2FD9189773BA00E92C16 /* Sources */,
				A2CA2FDA189773BA00E92C16 /* Frameworks */,
				A2CA2FDB189773BA00E92C16 /* Resources */,
			);
			buildRules = (
			);
			dependencies = (
			);
			name = coltest;
			productName = coltest;
			productReference = A2CA2FDD189773BA00E92C16 /* coltest.app */;
			productType = "com.apple.product-type.application";
		};
		A2CA3000189773BB00E92C16 /* coltestTests */ = {
			isa = PBXNativeTarget;
			buildConfigurationList = A2CA3015189773BB00E92C16 /* Build configuration list for PBXNativeTarget "coltestTests" */;
			buildPhases = (
				A2CA2FFD189773BB00E92C16 /* Sources */,
				A2CA2FFE189773BB00E92C16 /* Frameworks */,
				A2CA2FFF189773BB00E92C16 /* Resources */,
			);
			buildRules = (
			);
			dependencies = (
				A2CA3007189773BB00E92C16 /* PBXTargetDependency */,
			);
			name = coltestTests;
			productName = coltestTests;
			productReference = A2CA3001189773BB00E92C16 /* coltestTests.xctest */;
			productType = "com.apple.product-type.bundle.unit-test";
		};
/* End PBXNativeTarget section */

/* Begin PBXProject section */
		A2CA2FD5189773BA00E92C16 /* Project object */ = {
			isa = PBXProject;
			attributes = {
				LastUpgradeCheck = 0500;
				ORGANIZATIONNAME = Brad;
				TargetAttributes = {
					A2CA3000189773BB00E92C16 = {
						TestTargetID = A2CA2FDC189773BA00E92C16;
					};
				};
			};
			buildConfigurationList = A2CA2FD8189773BA00E92C16 /* Build configuration list for PBXProject "coltest" */;
			compatibilityVersion = "Xcode 3.2";
			developmentRegion = English;
			hasScannedForEncodings = 0;
			knownRegions = (
				en,
				Base,
			);
			mainGroup = A2CA2FD4189773BA00E92C16;
			productRefGroup = A2CA2FDE189773BA00E92C16 /* Products */;
			projectDirPath = "";
			projectRoot = "";
			targets = (
				A2CA2FDC189773BA00E92C16 /* coltest */,
				A2CA3000189773BB00E92C16 /* coltestTests */,
			);
		};
/* End PBXProject section */

/* Begin PBXResourcesBuildPhase section */
		A2CA2FDB189773BA00E92C16 /* Resources */ = {
			isa = PBXResourcesBuildPhase;
			buildActionMask = 2147483647;
			files = (
				A2CA2FF7189773BA00E92C16 /* Main_iPad.storyboard in Resources */,
				A2CA2FFC189773BB00E92C16 /* Images.xcassets in Resources */,
				A2CA2FF4189773BA00E92C16 /* Main_iPhone.storyboard in Resources */,
				A2CA2FEB189773BA00E92C16 /* InfoPlist.strings in Resources */,
			);
			runOnlyForDeploymentPostprocessing = 0;
		};
		A2CA2FFF189773BB00E92C16 /* Resources */ = {
			isa = PBXResourcesBuildPhase;
			buildActionMask = 2147483647;
			files = (
				A2CA300D189773BB00E92C16 /* InfoPlist.strings in Resources */,
			);
			runOnlyForDeploymentPostprocessing = 0;
		};
/* End PBXResourcesBuildPhase section */

/* Begin PBXSourcesBuildPhase section */
		A2CA2FD9189773BA00E92C16 /* Sources */ = {
			isa = PBXSourcesBuildPhase;
			buildActionMask = 2147483647;
			files = (
				A2CA2FFA189773BA00E92C16 /* ViewController.m in Sources */,
				A2CA2FF1189773BA00E92C16 /* AppDelegate.m in Sources */,
				A2CA301A189777E800E92C16 /* CollectionViewCell.m in Sources */,
				A2CA301D18977C2600E92C16 /* GitUser.m in Sources */,
				A2CA2FED189773BA00E92C16 /* main.m in Sources */,
			);
			runOnlyForDeploymentPostprocessing = 0;
		};
		A2CA2FFD189773BB00E92C16 /* Sources */ = {
			isa = PBXSourcesBuildPhase;
			buildActionMask = 2147483647;
			files = (
				A2CA300F189773BB00E92C16 /* coltestTests.m in Sources */,
			);
			runOnlyForDeploymentPostprocessing = 0;
		};
/* End PBXSourcesBuildPhase section */

/* Begin PBXTargetDependency section */
		A2CA3007189773BB00E92C16 /* PBXTargetDependency */ = {
			isa = PBXTargetDependency;
			target = A2CA2FDC189773BA00E92C16 /* coltest */;
			targetProxy = A2CA3006189773BB00E92C16 /* PBXContainerItemProxy */;
		};
/* End PBXTargetDependency section */

/* Begin PBXVariantGroup section */
		A2CA2FE9189773BA00E92C16 /* InfoPlist.strings */ = {
			isa = PBXVariantGroup;
			children = (
				A2CA2FEA189773BA00E92C16 /* en */,
			);
			name = InfoPlist.strings;
			sourceTree = "<group>";
		};
		A2CA2FF2189773BA00E92C16 /* Main_iPhone.storyboard */ = {
			isa = PBXVariantGroup;
			children = (
				A2CA2FF3189773BA00E92C16 /* Base */,
			);
			name = Main_iPhone.storyboard;
			sourceTree = "<group>";
		};
		A2CA2FF5189773BA00E92C16 /* Main_iPad.storyboard */ = {
			isa = PBXVariantGroup;
			children = (
				A2CA2FF6189773BA00E92C16 /* Base */,
			);
			name = Main_iPad.storyboard;
			sourceTree = "<group>";
		};
		A2CA300B189773BB00E92C16 /* InfoPlist.strings */ = {
			isa = PBXVariantGroup;
			children = (
				A2CA300C189773BB00E92C16 /* en */,
			);
			name = InfoPlist.strings;
			sourceTree = "<group>";
		};
/* End PBXVariantGroup section */

/* Begin XCBuildConfiguration section */
		A2CA3010189773BB00E92C16 /* Debug */ = {
			isa = XCBuildConfiguration;
			buildSettings = {
				ALWAYS_SEARCH_USER_PATHS = NO;
				ARCHS = "$(ARCHS_STANDARD_INCLUDING_64_BIT)";
				CLANG_CXX_LANGUAGE_STANDARD = "gnu++0x";
				CLANG_CXX_LIBRARY = "libc++";
				CLANG_ENABLE_MODULES = YES;
				CLANG_ENABLE_OBJC_ARC = YES;
				CLANG_WARN_BOOL_CONVERSION = YES;
				CLANG_WARN_CONSTANT_CONVERSION = YES;
				CLANG_WARN_DIRECT_OBJC_ISA_USAGE = YES_ERROR;
				CLANG_WARN_EMPTY_BODY = YES;
				CLANG_WARN_ENUM_CONVERSION = YES;
				CLANG_WARN_INT_CONVERSION = YES;
				CLANG_WARN_OBJC_ROOT_CLASS = YES_ERROR;
				CLANG_WARN__DUPLICATE_METHOD_MATCH = YES;
				"CODE_SIGN_IDENTITY[sdk=iphoneos*]" = "iPhone Developer";
				COPY_PHASE_STRIP = NO;
				GCC_C_LANGUAGE_STANDARD = gnu99;
				GCC_DYNAMIC_NO_PIC = NO;
				GCC_OPTIMIZATION_LEVEL = 0;
				GCC_PREPROCESSOR_DEFINITIONS = (
					"DEBUG=1",
					"$(inherited)",
				);
				GCC_SYMBOLS_PRIVATE_EXTERN = NO;
				GCC_WARN_64_TO_32_BIT_CONVERSION = YES;
				GCC_WARN_ABOUT_RETURN_TYPE = YES_ERROR;
				GCC_WARN_UNDECLARED_SELECTOR = YES;
				GCC_WARN_UNINITIALIZED_AUTOS = YES;
				GCC_WARN_UNUSED_FUNCTION = YES;
				GCC_WARN_UNUSED_VARIABLE = YES;
				IPHONEOS_DEPLOYMENT_TARGET = 7.0;
				ONLY_ACTIVE_ARCH = YES;
				SDKROOT = iphoneos;
				TARGETED_DEVICE_FAMILY = "1,2";
			};
			name = Debug;
		};
		A2CA3011189773BB00E92C16 /* Release */ = {
			isa = XCBuildConfiguration;
			buildSettings = {
				ALWAYS_SEARCH_USER_PATHS = NO;
				ARCHS = "$(ARCHS_STANDARD_INCLUDING_64_BIT)";
				CLANG_CXX_LANGUAGE_STANDARD = "gnu++0x";
				CLANG_CXX_LIBRARY = "libc++";
				CLANG_ENABLE_MODULES = YES;
				CLANG_ENABLE_OBJC_ARC = YES;
				CLANG_WARN_BOOL_CONVERSION = YES;
				CLANG_WARN_CONSTANT_CONVERSION = YES;
				CLANG_WARN_DIRECT_OBJC_ISA_USAGE = YES_ERROR;
				CLANG_WARN_EMPTY_BODY = YES;
				CLANG_WARN_ENUM_CONVERSION = YES;
				CLANG_WARN_INT_CONVERSION = YES;
				CLANG_WARN_OBJC_ROOT_CLASS = YES_ERROR;
				CLANG_WARN__DUPLICATE_METHOD_MATCH = YES;
				"CODE_SIGN_IDENTITY[sdk=iphoneos*]" = "iPhone Developer";
				COPY_PHASE_STRIP = YES;
				ENABLE_NS_ASSERTIONS = NO;
				GCC_C_LANGUAGE_STANDARD = gnu99;
				GCC_WARN_64_TO_32_BIT_CONVERSION = YES;
				GCC_WARN_ABOUT_RETURN_TYPE = YES_ERROR;
				GCC_WARN_UNDECLARED_SELECTOR = YES;
				GCC_WARN_UNINITIALIZED_AUTOS = YES;
				GCC_WARN_UNUSED_FUNCTION = YES;
				GCC_WARN_UNUSED_VARIABLE = YES;
				IPHONEOS_DEPLOYMENT_TARGET = 7.0;
				SDKROOT = iphoneos;
				TARGETED_DEVICE_FAMILY = "1,2";
				VALIDATE_PRODUCT = YES;
			};
			name = Release;
		};
		A2CA3013189773BB00E92C16 /* Debug */ = {
			isa = XCBuildConfiguration;
			buildSettings = {
				ASSETCATALOG_COMPILER_APPICON_NAME = AppIcon;
				ASSETCATALOG_COMPILER_LAUNCHIMAGE_NAME = LaunchImage;
				GCC_PRECOMPILE_PREFIX_HEADER = YES;
				GCC_PREFIX_HEADER = "coltest/coltest-Prefix.pch";
				INFOPLIST_FILE = "coltest/coltest-Info.plist";
				PRODUCT_NAME = "$(TARGET_NAME)";
				WRAPPER_EXTENSION = app;
			};
			name = Debug;
		};
		A2CA3014189773BB00E92C16 /* Release */ = {
			isa = XCBuildConfiguration;
			buildSettings = {
				ASSETCATALOG_COMPILER_APPICON_NAME = AppIcon;
				ASSETCATALOG_COMPILER_LAUNCHIMAGE_NAME = LaunchImage;
				GCC_PRECOMPILE_PREFIX_HEADER = YES;
				GCC_PREFIX_HEADER = "coltest/coltest-Prefix.pch";
				INFOPLIST_FILE = "coltest/coltest-Info.plist";
				PRODUCT_NAME = "$(TARGET_NAME)";
				WRAPPER_EXTENSION = app;
			};
			name = Release;
		};
		A2CA3016189773BB00E92C16 /* Debug */ = {
			isa = XCBuildConfiguration;
			buildSettings = {
				ARCHS = "$(ARCHS_STANDARD_INCLUDING_64_BIT)";
				BUNDLE_LOADER = "$(BUILT_PRODUCTS_DIR)/coltest.app/coltest";
				FRAMEWORK_SEARCH_PATHS = (
					"$(SDKROOT)/Developer/Library/Frameworks",
					"$(inherited)",
					"$(DEVELOPER_FRAMEWORKS_DIR)",
				);
				GCC_PRECOMPILE_PREFIX_HEADER = YES;
				GCC_PREFIX_HEADER = "coltest/coltest-Prefix.pch";
				GCC_PREPROCESSOR_DEFINITIONS = (
					"DEBUG=1",
					"$(inherited)",
				);
				INFOPLIST_FILE = "coltestTests/coltestTests-Info.plist";
				PRODUCT_NAME = "$(TARGET_NAME)";
				TEST_HOST = "$(BUNDLE_LOADER)";
				WRAPPER_EXTENSION = xctest;
			};
			name = Debug;
		};
		A2CA3017189773BB00E92C16 /* Release */ = {
			isa = XCBuildConfiguration;
			buildSettings = {
				ARCHS = "$(ARCHS_STANDARD_INCLUDING_64_BIT)";
				BUNDLE_LOADER = "$(BUILT_PRODUCTS_DIR)/coltest.app/coltest";
				FRAMEWORK_SEARCH_PATHS = (
					"$(SDKROOT)/Developer/Library/Frameworks",
					"$(inherited)",
					"$(DEVELOPER_FRAMEWORKS_DIR)",
				);
				GCC_PRECOMPILE_PREFIX_HEADER = YES;
				GCC_PREFIX_HEADER = "coltest/coltest-Prefix.pch";
				INFOPLIST_FILE = "coltestTests/coltestTests-Info.plist";
				PRODUCT_NAME = "$(TARGET_NAME)";
				TEST_HOST = "$(BUNDLE_LOADER)";
				WRAPPER_EXTENSION = xctest;
			};
			name = Release;
		};
/* End XCBuildConfiguration section */

/* Begin XCConfigurationList section */
		A2CA2FD8189773BA00E92C16 /* Build configuration list for PBXProject "coltest" */ = {
			isa = XCConfigurationList;
			buildConfigurations = (
				A2CA3010189773BB00E92C16 /* Debug */,
				A2CA3011189773BB00E92C16 /* Release */,
			);
			defaultConfigurationIsVisible = 0;
			defaultConfigurationName = Release;
		};
		A2CA3012189773BB00E92C16 /* Build configuration list for PBXNativeTarget "coltest" */ = {
			isa = XCConfigurationList;
			buildConfigurations = (
				A2CA3013189773BB00E92C16 /* Debug */,
				A2CA3014189773BB00E92C16 /* Release */,
			);
			defaultConfigurationIsVisible = 0;
		};
		A2CA3015189773BB00E92C16 /* Build configuration list for PBXNativeTarget "coltestTests" */ = {
			isa = XCConfigurationList;
			buildConfigurations = (
				A2CA3016189773BB00E92C16 /* Debug */,
				A2CA3017189773BB00E92C16 /* Release */,
			);
			defaultConfigurationIsVisible = 0;
		};
/* End XCConfigurationList section */
	};
	rootObject = A2CA2FD5189773BA00E92C16 /* Project object */;
}
